
Microsoft Visual Studio Solution File, Format Version 12.00
# Visual Studio 2012
Project("{FAE04EC0-301F-11D3-BF4B-00C04F79EFBC}") = "WebbyWeb", "WebbyWeb\WebbyWeb.csproj", "{04C8B7BC-911F-4C67-AA89-47C8F8737549}"
EndProject
Global
	GlobalSection(SolutionConfigurationPlatforms) = preSolution
		Debug|Any CPU = Debug|Any CPU
		Release|Any CPU = Release|Any CPU
	EndGlobalSection
	GlobalSection(ProjectConfigurationPlatforms) = postSolution
		{04C8B7BC-911F-4C67-AA89-47C8F8737549}.Debug|Any CPU.ActiveCfg = Debug|Any CPU
		{04C8B7BC-911F-4C67-AA89-47C8F8737549}.Debug|Any CPU.Build.0 = Debug|Any CPU
		{04C8B7BC-911F-4C67-AA89-47C8F8737549}.Release|Any CPU.ActiveCfg = Release|Any CPU
		{04C8B7BC-911F-4C67-AA89-47C8F8737549}.Release|Any CPU.Build.0 = Release|Any CPU
	EndGlobalSection
EndGlobal
